
Microsoft Visual Studio Solution File, Format Version 12.00
# Visual Studio Version 17
VisualStudioVersion = 17.5.002.0
MinimumVisualStudioVersion = 10.0.40219.1
Project("{9A19103F-16F7-4668-BE54-9A1E7A4F7556}") = "Estacionamento", "Estacionamento.csproj", "{93376C11-7FAC-4307-82C8-DD17798B3047}"
EndProject
Global
	GlobalSection(SolutionConfigurationPlatforms) = preSolution
		Debug|Any CPU = Debug|Any CPU
		Release|Any CPU = Release|Any CPU
	EndGlobalSection
	GlobalSection(ProjectConfigurationPlatforms) = postSolution
		{93376C11-7FAC-4307-82C8-DD17798B3047}.Debug|Any CPU.ActiveCfg = Debug|Any CPU
		{93376C11-7FAC-4307-82C8-DD17798B3047}.Debug|Any CPU.Build.0 = Debug|Any CPU
		{93376C11-7FAC-4307-82C8-DD17798B3047}.Release|Any CPU.ActiveCfg = Release|Any CPU
		{93376C11-7FAC-4307-82C8-DD17798B3047}.Release|Any CPU.Build.0 = Release|Any CPU
	EndGlobalSection
	GlobalSection(SolutionProperties) = preSolution
		HideSolutionNode = FALSE
	EndGlobalSection
	GlobalSection(ExtensibilityGlobals) = postSolution
		SolutionGuid = {D6761F29-67BC-4B85-A80E-07444C185014}
	EndGlobalSection
EndGlobal
